
Microsoft Visual Studio Solution File, Format Version 12.00
# Visual Studio Version 17
VisualStudioVersion = 17.1.32319.34
MinimumVisualStudioVersion = 10.0.40219.1
Project("{FAE04EC0-301F-11D3-BF4B-00C04F79EFBC}") = "Par02", "Par02\Par02.csproj", "{C9FDD383-78AF-410D-8FD9-6C15A075CD82}"
EndProject
Global
	GlobalSection(SolutionConfigurationPlatforms) = preSolution
		Debug|Any CPU = Debug|Any CPU
		Release|Any CPU = Release|Any CPU
	EndGlobalSection
	GlobalSection(ProjectConfigurationPlatforms) = postSolution
		{C9FDD383-78AF-410D-8FD9-6C15A075CD82}.Debug|Any CPU.ActiveCfg = Debug|Any CPU
		{C9FDD383-78AF-410D-8FD9-6C15A075CD82}.Debug|Any CPU.Build.0 = Debug|Any CPU
		{C9FDD383-78AF-410D-8FD9-6C15A075CD82}.Release|Any CPU.ActiveCfg = Release|Any CPU
		{C9FDD383-78AF-410D-8FD9-6C15A075CD82}.Release|Any CPU.Build.0 = Release|Any CPU
	EndGlobalSection
	GlobalSection(SolutionProperties) = preSolution
		HideSolutionNode = FALSE
	EndGlobalSection
	GlobalSection(ExtensibilityGlobals) = postSolution
		SolutionGuid = {97C826EB-D055-458F-BB92-8D7F9C45F749}
	EndGlobalSection
EndGlobal
